
Microsoft Visual Studio Solution File, Format Version 12.00
# Visual Studio Version 17
VisualStudioVersion = 17.6.33815.320
MinimumVisualStudioVersion = 10.0.40219.1
Project("{9A19103F-16F7-4668-BE54-9A1E7A4F7556}") = "Dal", "Dal\Dal.csproj", "{0A2DAFF1-52F0-4EDA-BB0F-57ACF9202E38}"
EndProject
Project("{9A19103F-16F7-4668-BE54-9A1E7A4F7556}") = "Bl", "Bl\Bl.csproj", "{FCBB42AA-71BC-47FD-A80E-99DB3B84CBD4}"
EndProject
Project("{9A19103F-16F7-4668-BE54-9A1E7A4F7556}") = "Server", "Server\Server.csproj", "{CCCF74D0-5243-42AE-98B2-DF0FA03A6351}"
EndProject
Project("{2150E333-8FDC-42A3-9474-1A3956D46DE8}") = "Solution Items", "Solution Items", "{68421741-09D8-4B1A-97EA-DE044D13840C}"
	ProjectSection(SolutionItems) = preProject
		.editorconfig = .editorconfig
	EndProjectSection
EndProject
Global
	GlobalSection(SolutionConfigurationPlatforms) = preSolution
		Debug|Any CPU = Debug|Any CPU
		Release|Any CPU = Release|Any CPU
	EndGlobalSection
	GlobalSection(ProjectConfigurationPlatforms) = postSolution
		{0A2DAFF1-52F0-4EDA-BB0F-57ACF9202E38}.Debug|Any CPU.ActiveCfg = Debug|Any CPU
		{0A2DAFF1-52F0-4EDA-BB0F-57ACF9202E38}.Debug|Any CPU.Build.0 = Debug|Any CPU
		{0A2DAFF1-52F0-4EDA-BB0F-57ACF9202E38}.Release|Any CPU.ActiveCfg = Release|Any CPU
		{0A2DAFF1-52F0-4EDA-BB0F-57ACF9202E38}.Release|Any CPU.Build.0 = Release|Any CPU
		{FCBB42AA-71BC-47FD-A80E-99DB3B84CBD4}.Debug|Any CPU.ActiveCfg = Debug|Any CPU
		{FCBB42AA-71BC-47FD-A80E-99DB3B84CBD4}.Debug|Any CPU.Build.0 = Debug|Any CPU
		{FCBB42AA-71BC-47FD-A80E-99DB3B84CBD4}.Release|Any CPU.ActiveCfg = Release|Any CPU
		{FCBB42AA-71BC-47FD-A80E-99DB3B84CBD4}.Release|Any CPU.Build.0 = Release|Any CPU
		{CCCF74D0-5243-42AE-98B2-DF0FA03A6351}.Debug|Any CPU.ActiveCfg = Debug|Any CPU
		{CCCF74D0-5243-42AE-98B2-DF0FA03A6351}.Debug|Any CPU.Build.0 = Debug|Any CPU
		{CCCF74D0-5243-42AE-98B2-DF0FA03A6351}.Release|Any CPU.ActiveCfg = Release|Any CPU
		{CCCF74D0-5243-42AE-98B2-DF0FA03A6351}.Release|Any CPU.Build.0 = Release|Any CPU
	EndGlobalSection
	GlobalSection(SolutionProperties) = preSolution
		HideSolutionNode = FALSE
	EndGlobalSection
	GlobalSection(ExtensibilityGlobals) = postSolution
		SolutionGuid = {93E35A04-A244-413B-AC7E-EE282BE19A7E}
	EndGlobalSection
EndGlobal
